// !$*UTF8*$!
{
	archiveVersion = 1;
	classes = {
	};
	objectVersion = 46;
	objects = {

/* Begin PBXBuildFile section */
		7E1F3D43556451168FE97F1F /* libPods.a in Frameworks */ = {isa = PBXBuildFile; fileRef = 5B7E02E9AB012C0D49F6B86E /* libPods.a */; };
		8A17B1061BA46CF500548CA7 /* TK_BaseAppDelegate.m in Sources */ = {isa = PBXBuildFile; fileRef = 8A17B0E51BA46CF500548CA7 /* TK_BaseAppDelegate.m */; };
		8A17B1071BA46CF500548CA7 /* MWLogFormatter.m in Sources */ = {isa = PBXBuildFile; fileRef = 8A17B0EB1BA46CF500548CA7 /* MWLogFormatter.m */; };
		8A17B1081BA46CF500548CA7 /* MMCenterTableViewCell.m in Sources */ = {isa = PBXBuildFile; fileRef = 8A17B0EE1BA46CF500548CA7 /* MMCenterTableViewCell.m */; };
		8A17B1091BA46CF500548CA7 /* MMExampleCenterTableViewController.m in Sources */ = {isa = PBXBuildFile; fileRef = 8A17B0F11BA46CF500548CA7 /* MMExampleCenterTableViewController.m */; };
		8A17B10A1BA46CF500548CA7 /* MMExampleDrawerVisualStateManager.m in Sources */ = {isa = PBXBuildFile; fileRef = 8A17B0F31BA46CF500548CA7 /* MMExampleDrawerVisualStateManager.m */; };
		8A17B10B1BA46CF500548CA7 /* MMExampleLeftSideDrawerViewController.m in Sources */ = {isa = PBXBuildFile; fileRef = 8A17B0F51BA46CF500548CA7 /* MMExampleLeftSideDrawerViewController.m */; };
		8A17B10C1BA46CF500548CA7 /* MMExampleRightSideDrawerViewController.m in Sources */ = {isa = PBXBuildFile; fileRef = 8A17B0F71BA46CF500548CA7 /* MMExampleRightSideDrawerViewController.m */; };
		8A17B10D1BA46CF500548CA7 /* MMExampleSideDrawerViewController.m in Sources */ = {isa = PBXBuildFile; fileRef = 8A17B0F91BA46CF500548CA7 /* MMExampleSideDrawerViewController.m */; };
		8A17B10E1BA46CF500548CA7 /* MMExampleViewController.m in Sources */ = {isa = PBXBuildFile; fileRef = 8A17B0FB1BA46CF500548CA7 /* MMExampleViewController.m */; };
		8A17B10F1BA46CF500548CA7 /* MMLogoView.m in Sources */ = {isa = PBXBuildFile; fileRef = 8A17B0FD1BA46CF500548CA7 /* MMLogoView.m */; };
		8A17B1101BA46CF500548CA7 /* MMNavigationController.m in Sources */ = {isa = PBXBuildFile; fileRef = 8A17B0FF1BA46CF500548CA7 /* MMNavigationController.m */; };
		8A17B1111BA46CF500548CA7 /* MMSideDrawerSectionHeaderView.m in Sources */ = {isa = PBXBuildFile; fileRef = 8A17B1011BA46CF500548CA7 /* MMSideDrawerSectionHeaderView.m */; };
		8A17B1121BA46CF500548CA7 /* MMSideDrawerTableViewCell.m in Sources */ = {isa = PBXBuildFile; fileRef = 8A17B1031BA46CF500548CA7 /* MMSideDrawerTableViewCell.m */; };
		8A17B1131BA46CF500548CA7 /* MMTableViewCell.m in Sources */ = {isa = PBXBuildFile; fileRef = 8A17B1051BA46CF500548CA7 /* MMTableViewCell.m */; };
		8A17B1171BA46EA600548CA7 /* UIColor+TK_Color.m in Sources */ = {isa = PBXBuildFile; fileRef = 8A17B1161BA46EA600548CA7 /* UIColor+TK_Color.m */; };
		8A508FF31B9D5D700067B9E9 /* main.m in Sources */ = {isa = PBXBuildFile; fileRef = 8A508FF21B9D5D700067B9E9 /* main.m */; };
		8A508FF61B9D5D700067B9E9 /* AppDelegate.m in Sources */ = {isa = PBXBuildFile; fileRef = 8A508FF51B9D5D700067B9E9 /* AppDelegate.m */; };
		8A508FF91B9D5D700067B9E9 /* ViewController.m in Sources */ = {isa = PBXBuildFile; fileRef = 8A508FF81B9D5D700067B9E9 /* ViewController.m */; };
		8A508FFC1B9D5D700067B9E9 /* Main.storyboard in Resources */ = {isa = PBXBuildFile; fileRef = 8A508FFA1B9D5D700067B9E9 /* Main.storyboard */; };
		8A508FFE1B9D5D700067B9E9 /* Images.xcassets in Resources */ = {isa = PBXBuildFile; fileRef = 8A508FFD1B9D5D700067B9E9 /* Images.xcassets */; };
		8A5090011B9D5D700067B9E9 /* LaunchScreen.xib in Resources */ = {isa = PBXBuildFile; fileRef = 8A508FFF1B9D5D700067B9E9 /* LaunchScreen.xib */; };
		8A50900D1B9D5D700067B9E9 /* tracedemoTests.m in Sources */ = {isa = PBXBuildFile; fileRef = 8A50900C1B9D5D700067B9E9 /* tracedemoTests.m */; };
		8A552D711BA3D8230083E87E /* MenuViewController.m in Sources */ = {isa = PBXBuildFile; fileRef = 8A552D6F1BA3D8230083E87E /* MenuViewController.m */; };
		8A552D721BA3D8230083E87E /* MenuViewController.xib in Resources */ = {isa = PBXBuildFile; fileRef = 8A552D701BA3D8230083E87E /* MenuViewController.xib */; };
		8A6434A41BAE9DAE00820545 /* TKMenuViewController.m in Sources */ = {isa = PBXBuildFile; fileRef = 8A6434A31BAE9DAE00820545 /* TKMenuViewController.m */; };
		8A6434AB1BAE9DF600820545 /* TKMainNavigateController.m in Sources */ = {isa = PBXBuildFile; fileRef = 8A6434A71BAE9DF600820545 /* TKMainNavigateController.m */; };
		8A6434AC1BAE9DF600820545 /* TKSubTabBarViewController.m in Sources */ = {isa = PBXBuildFile; fileRef = 8A6434A91BAE9DF600820545 /* TKSubTabBarViewController.m */; };
		8A6434AD1BAE9DF600820545 /* TKSubTabBarViewController.xib in Resources */ = {isa = PBXBuildFile; fileRef = 8A6434AA1BAE9DF600820545 /* TKSubTabBarViewController.xib */; };
		8A6434B01BAE9E1700820545 /* TKTableViewController.m in Sources */ = {isa = PBXBuildFile; fileRef = 8A6434AF1BAE9E1700820545 /* TKTableViewController.m */; };
		8A6434B71BAEEAC200820545 /* TKLeftMenuController.m in Sources */ = {isa = PBXBuildFile; fileRef = 8A6434B61BAEEAC200820545 /* TKLeftMenuController.m */; };
		8A978A611BD3C8EF00C84ED2 /* BasePortraitView.m in Sources */ = {isa = PBXBuildFile; fileRef = 8A978A5E1BD3C8EF00C84ED2 /* BasePortraitView.m */; };
		8A978A621BD3C8EF00C84ED2 /* HFSegmentView.m in Sources */ = {isa = PBXBuildFile; fileRef = 8A978A601BD3C8EF00C84ED2 /* HFSegmentView.m */; };
		BB1A03141BE2113F0035770A /* TKBaseViewController.m in Sources */ = {isa = PBXBuildFile; fileRef = BB1A03131BE2113F0035770A /* TKBaseViewController.m */; };
		BB1A03181BE211720035770A /* TKHomePageViewController.m in Sources */ = {isa = PBXBuildFile; fileRef = BB1A03161BE211720035770A /* TKHomePageViewController.m */; };
		BB1A03191BE211720035770A /* TKHomePageViewController.xib in Resources */ = {isa = PBXBuildFile; fileRef = BB1A03171BE211720035770A /* TKHomePageViewController.xib */; };
		BB8D6E1E1BCE6FE300CD2DB0 /* UIViewController+TKNavigationBarSetting.m in Sources */ = {isa = PBXBuildFile; fileRef = BB8D6E1D1BCE6FE300CD2DB0 /* UIViewController+TKNavigationBarSetting.m */; };
		BBA9F6FD1BC8AFF90059CEB4 /* UIViewController+TKVCcategory.m in Sources */ = {isa = PBXBuildFile; fileRef = BBA9F6FC1BC8AFF90059CEB4 /* UIViewController+TKVCcategory.m */; };
		BBA9F7001BC8E4330059CEB4 /* TKLeftMenu.xib in Resources */ = {isa = PBXBuildFile; fileRef = BBA9F6FF1BC8E4330059CEB4 /* TKLeftMenu.xib */; };
/* End PBXBuildFile section */

/* Begin PBXContainerItemProxy section */
		8A5090071B9D5D700067B9E9 /* PBXContainerItemProxy */ = {
			isa = PBXContainerItemProxy;
			containerPortal = 8A508FE51B9D5D700067B9E9 /* Project object */;
			proxyType = 1;
			remoteGlobalIDString = 8A508FEC1B9D5D700067B9E9;
			remoteInfo = tracedemo;
		};
/* End PBXContainerItemProxy section */

/* Begin PBXFileReference section */
		4212CB7CA1A2669F077947F9 /* Pods.debug.xcconfig */ = {isa = PBXFileReference; includeInIndex = 1; lastKnownFileType = text.xcconfig; name = Pods.debug.xcconfig; path = "Pods/Target Support Files/Pods/Pods.debug.xcconfig"; sourceTree = "<group>"; };
		5B7E02E9AB012C0D49F6B86E /* libPods.a */ = {isa = PBXFileReference; explicitFileType = archive.ar; includeInIndex = 0; path = libPods.a; sourceTree = BUILT_PRODUCTS_DIR; };
		8A17B0E41BA46CF500548CA7 /* TK_BaseAppDelegate.h */ = {isa = PBXFileReference; fileEncoding = 4; lastKnownFileType = sourcecode.c.h; path = TK_BaseAppDelegate.h; sourceTree = "<group>"; };
		8A17B0E51BA46CF500548CA7 /* TK_BaseAppDelegate.m */ = {isa = PBXFileReference; fileEncoding = 4; lastKnownFileType = sourcecode.c.objc; path = TK_BaseAppDelegate.m; sourceTree = "<group>"; };
		8A17B0E71BA46CF500548CA7 /* TK_SDK_PrefixHeader.pch */ = {isa = PBXFileReference; fileEncoding = 4; lastKnownFileType = sourcecode.c.h; path = TK_SDK_PrefixHeader.pch; sourceTree = "<group>"; };
		8A17B0E91BA46CF500548CA7 /* MWLog.h */ = {isa = PBXFileReference; fileEncoding = 4; lastKnownFileType = sourcecode.c.h; path = MWLog.h; sourceTree = "<group>"; };
		8A17B0EA1BA46CF500548CA7 /* MWLogFormatter.h */ = {isa = PBXFileReference; fileEncoding = 4; lastKnownFileType = sourcecode.c.h; path = MWLogFormatter.h; sourceTree = "<group>"; };
		8A17B0EB1BA46CF500548CA7 /* MWLogFormatter.m */ = {isa = PBXFileReference; fileEncoding = 4; lastKnownFileType = sourcecode.c.objc; path = MWLogFormatter.m; sourceTree = "<group>"; };
		8A17B0ED1BA46CF500548CA7 /* MMCenterTableViewCell.h */ = {isa = PBXFileReference; fileEncoding = 4; lastKnownFileType = sourcecode.c.h; path = MMCenterTableViewCell.h; sourceTree = "<group>"; };
		8A17B0EE1BA46CF500548CA7 /* MMCenterTableViewCell.m */ = {isa = PBXFileReference; fileEncoding = 4; lastKnownFileType = sourcecode.c.objc; path = MMCenterTableViewCell.m; sourceTree = "<group>"; };
		8A17B0EF1BA46CF500548CA7 /* MMDrawerControllerKitchenSink-Prefix.pch */ = {isa = PBXFileReference; fileEncoding = 4; lastKnownFileType = sourcecode.c.h; path = "MMDrawerControllerKitchenSink-Prefix.pch"; sourceTree = "<group>"; };
		8A17B0F01BA46CF500548CA7 /* MMExampleCenterTableViewController.h */ = {isa = PBXFileReference; fileEncoding = 4; lastKnownFileType = sourcecode.c.h; path = MMExampleCenterTableViewController.h; sourceTree = "<group>"; };
		8A17B0F11BA46CF500548CA7 /* MMExampleCenterTableViewController.m */ = {isa = PBXFileReference; fileEncoding = 4; lastKnownFileType = sourcecode.c.objc; path = MMExampleCenterTableViewController.m; sourceTree = "<group>"; };
		8A17B0F21BA46CF500548CA7 /* MMExampleDrawerVisualStateManager.h */ = {isa = PBXFileReference; fileEncoding = 4; lastKnownFileType = sourcecode.c.h; path = MMExampleDrawerVisualStateManager.h; sourceTree = "<group>"; };
		8A17B0F31BA46CF500548CA7 /* MMExampleDrawerVisualStateManager.m */ = {isa = PBXFileReference; fileEncoding = 4; lastKnownFileType = sourcecode.c.objc; path = MMExampleDrawerVisualStateManager.m; sourceTree = "<group>"; };
		8A17B0F41BA46CF500548CA7 /* MMExampleLeftSideDrawerViewController.h */ = {isa = PBXFileReference; fileEncoding = 4; lastKnownFileType = sourcecode.c.h; path = MMExampleLeftSideDrawerViewController.h; sourceTree = "<group>"; };
		8A17B0F51BA46CF500548CA7 /* MMExampleLeftSideDrawerViewController.m */ = {isa = PBXFileReference; fileEncoding = 4; lastKnownFileType = sourcecode.c.objc; path = MMExampleLeftSideDrawerViewController.m; sourceTree = "<group>"; };
		8A17B0F61BA46CF500548CA7 /* MMExampleRightSideDrawerViewController.h */ = {isa = PBXFileReference; fileEncoding = 4; lastKnownFileType = sourcecode.c.h; path = MMExampleRightSideDrawerViewController.h; sourceTree = "<group>"; };
		8A17B0F71BA46CF500548CA7 /* MMExampleRightSideDrawerViewController.m */ = {isa = PBXFileReference; fileEncoding = 4; lastKnownFileType = sourcecode.c.objc; path = MMExampleRightSideDrawerViewController.m; sourceTree = "<group>"; };
		8A17B0F81BA46CF500548CA7 /* MMExampleSideDrawerViewController.h */ = {isa = PBXFileReference; fileEncoding = 4; lastKnownFileType = sourcecode.c.h; path = MMExampleSideDrawerViewController.h; sourceTree = "<group>"; };
		8A17B0F91BA46CF500548CA7 /* MMExampleSideDrawerViewController.m */ = {isa = PBXFileReference; fileEncoding = 4; lastKnownFileType = sourcecode.c.objc; path = MMExampleSideDrawerViewController.m; sourceTree = "<group>"; };
		8A17B0FA1BA46CF500548CA7 /* MMExampleViewController.h */ = {isa = PBXFileReference; fileEncoding = 4; lastKnownFileType = sourcecode.c.h; path = MMExampleViewController.h; sourceTree = "<group>"; };
		8A17B0FB1BA46CF500548CA7 /* MMExampleViewController.m */ = {isa = PBXFileReference; fileEncoding = 4; lastKnownFileType = sourcecode.c.objc; path = MMExampleViewController.m; sourceTree = "<group>"; };
		8A17B0FC1BA46CF500548CA7 /* MMLogoView.h */ = {isa = PBXFileReference; fileEncoding = 4; lastKnownFileType = sourcecode.c.h; path = MMLogoView.h; sourceTree = "<group>"; };
		8A17B0FD1BA46CF500548CA7 /* MMLogoView.m */ = {isa = PBXFileReference; fileEncoding = 4; lastKnownFileType = sourcecode.c.objc; path = MMLogoView.m; sourceTree = "<group>"; };
		8A17B0FE1BA46CF500548CA7 /* MMNavigationController.h */ = {isa = PBXFileReference; fileEncoding = 4; lastKnownFileType = sourcecode.c.h; path = MMNavigationController.h; sourceTree = "<group>"; };
		8A17B0FF1BA46CF500548CA7 /* MMNavigationController.m */ = {isa = PBXFileReference; fileEncoding = 4; lastKnownFileType = sourcecode.c.objc; path = MMNavigationController.m; sourceTree = "<group>"; };
		8A17B1001BA46CF500548CA7 /* MMSideDrawerSectionHeaderView.h */ = {isa = PBXFileReference; fileEncoding = 4; lastKnownFileType = sourcecode.c.h; path = MMSideDrawerSectionHeaderView.h; sourceTree = "<group>"; };
		8A17B1011BA46CF500548CA7 /* MMSideDrawerSectionHeaderView.m */ = {isa = PBXFileReference; fileEncoding = 4; lastKnownFileType = sourcecode.c.objc; path = MMSideDrawerSectionHeaderView.m; sourceTree = "<group>"; };
		8A17B1021BA46CF500548CA7 /* MMSideDrawerTableViewCell.h */ = {isa = PBXFileReference; fileEncoding = 4; lastKnownFileType = sourcecode.c.h; path = MMSideDrawerTableViewCell.h; sourceTree = "<group>"; };
		8A17B1031BA46CF500548CA7 /* MMSideDrawerTableViewCell.m */ = {isa = PBXFileReference; fileEncoding = 4; lastKnownFileType = sourcecode.c.objc; path = MMSideDrawerTableViewCell.m; sourceTree = "<group>"; };
		8A17B1041BA46CF500548CA7 /* MMTableViewCell.h */ = {isa = PBXFileReference; fileEncoding = 4; lastKnownFileType = sourcecode.c.h; path = MMTableViewCell.h; sourceTree = "<group>"; };
		8A17B1051BA46CF500548CA7 /* MMTableViewCell.m */ = {isa = PBXFileReference; fileEncoding = 4; lastKnownFileType = sourcecode.c.objc; path = MMTableViewCell.m; sourceTree = "<group>"; };
		8A17B1151BA46EA600548CA7 /* UIColor+TK_Color.h */ = {isa = PBXFileReference; fileEncoding = 4; lastKnownFileType = sourcecode.c.h; path = "UIColor+TK_Color.h"; sourceTree = "<group>"; };
		8A17B1161BA46EA600548CA7 /* UIColor+TK_Color.m */ = {isa = PBXFileReference; fileEncoding = 4; lastKnownFileType = sourcecode.c.objc; path = "UIColor+TK_Color.m"; sourceTree = "<group>"; };
		8A508FED1B9D5D700067B9E9 /* tracedemo.app */ = {isa = PBXFileReference; explicitFileType = wrapper.application; includeInIndex = 0; path = tracedemo.app; sourceTree = BUILT_PRODUCTS_DIR; };
		8A508FF11B9D5D700067B9E9 /* Info.plist */ = {isa = PBXFileReference; lastKnownFileType = text.plist.xml; path = Info.plist; sourceTree = "<group>"; };
		8A508FF21B9D5D700067B9E9 /* main.m */ = {isa = PBXFileReference; lastKnownFileType = sourcecode.c.objc; path = main.m; sourceTree = "<group>"; };
		8A508FF41B9D5D700067B9E9 /* AppDelegate.h */ = {isa = PBXFileReference; lastKnownFileType = sourcecode.c.h; path = AppDelegate.h; sourceTree = "<group>"; };
		8A508FF51B9D5D700067B9E9 /* AppDelegate.m */ = {isa = PBXFileReference; lastKnownFileType = sourcecode.c.objc; path = AppDelegate.m; sourceTree = "<group>"; };
		8A508FF71B9D5D700067B9E9 /* ViewController.h */ = {isa = PBXFileReference; lastKnownFileType = sourcecode.c.h; path = ViewController.h; sourceTree = "<group>"; };
		8A508FF81B9D5D700067B9E9 /* ViewController.m */ = {isa = PBXFileReference; lastKnownFileType = sourcecode.c.objc; path = ViewController.m; sourceTree = "<group>"; };
		8A508FFB1B9D5D700067B9E9 /* Base */ = {isa = PBXFileReference; lastKnownFileType = file.storyboard; name = Base; path = Base.lproj/Main.storyboard; sourceTree = "<group>"; };
		8A508FFD1B9D5D700067B9E9 /* Images.xcassets */ = {isa = PBXFileReference; lastKnownFileType = folder.assetcatalog; path = Images.xcassets; sourceTree = "<group>"; };
		8A5090001B9D5D700067B9E9 /* Base */ = {isa = PBXFileReference; lastKnownFileType = file.xib; name = Base; path = Base.lproj/LaunchScreen.xib; sourceTree = "<group>"; };
		8A5090061B9D5D700067B9E9 /* tracedemoTests.xctest */ = {isa = PBXFileReference; explicitFileType = wrapper.cfbundle; includeInIndex = 0; path = tracedemoTests.xctest; sourceTree = BUILT_PRODUCTS_DIR; };
		8A50900B1B9D5D700067B9E9 /* Info.plist */ = {isa = PBXFileReference; lastKnownFileType = text.plist.xml; path = Info.plist; sourceTree = "<group>"; };
		8A50900C1B9D5D700067B9E9 /* tracedemoTests.m */ = {isa = PBXFileReference; lastKnownFileType = sourcecode.c.objc; path = tracedemoTests.m; sourceTree = "<group>"; };
		8A552D6E1BA3D8230083E87E /* MenuViewController.h */ = {isa = PBXFileReference; fileEncoding = 4; lastKnownFileType = sourcecode.c.h; path = MenuViewController.h; sourceTree = "<group>"; };
		8A552D6F1BA3D8230083E87E /* MenuViewController.m */ = {isa = PBXFileReference; fileEncoding = 4; lastKnownFileType = sourcecode.c.objc; path = MenuViewController.m; sourceTree = "<group>"; };
		8A552D701BA3D8230083E87E /* MenuViewController.xib */ = {isa = PBXFileReference; fileEncoding = 4; lastKnownFileType = file.xib; path = MenuViewController.xib; sourceTree = "<group>"; };
		8A6434A21BAE9DAE00820545 /* TKMenuViewController.h */ = {isa = PBXFileReference; fileEncoding = 4; lastKnownFileType = sourcecode.c.h; path = TKMenuViewController.h; sourceTree = "<group>"; };
		8A6434A31BAE9DAE00820545 /* TKMenuViewController.m */ = {isa = PBXFileReference; fileEncoding = 4; lastKnownFileType = sourcecode.c.objc; path = TKMenuViewController.m; sourceTree = "<group>"; };
		8A6434A61BAE9DF600820545 /* TKMainNavigateController.h */ = {isa = PBXFileReference; fileEncoding = 4; lastKnownFileType = sourcecode.c.h; path = TKMainNavigateController.h; sourceTree = "<group>"; };
		8A6434A71BAE9DF600820545 /* TKMainNavigateController.m */ = {isa = PBXFileReference; fileEncoding = 4; lastKnownFileType = sourcecode.c.objc; path = TKMainNavigateController.m; sourceTree = "<group>"; };
		8A6434A81BAE9DF600820545 /* TKSubTabBarViewController.h */ = {isa = PBXFileReference; fileEncoding = 4; lastKnownFileType = sourcecode.c.h; path = TKSubTabBarViewController.h; sourceTree = "<group>"; };
		8A6434A91BAE9DF600820545 /* TKSubTabBarViewController.m */ = {isa = PBXFileReference; fileEncoding = 4; lastKnownFileType = sourcecode.c.objc; path = TKSubTabBarViewController.m; sourceTree = "<group>"; };
		8A6434AA1BAE9DF600820545 /* TKSubTabBarViewController.xib */ = {isa = PBXFileReference; fileEncoding = 4; lastKnownFileType = file.xib; path = TKSubTabBarViewController.xib; sourceTree = "<group>"; };
		8A6434AE1BAE9E1700820545 /* TKTableViewController.h */ = {isa = PBXFileReference; fileEncoding = 4; lastKnownFileType = sourcecode.c.h; path = TKTableViewController.h; sourceTree = "<group>"; };
		8A6434AF1BAE9E1700820545 /* TKTableViewController.m */ = {isa = PBXFileReference; fileEncoding = 4; lastKnownFileType = sourcecode.c.objc; path = TKTableViewController.m; sourceTree = "<group>"; };
		8A6434B21BAEBB8E00820545 /* TKGlobValue.h */ = {isa = PBXFileReference; fileEncoding = 4; lastKnownFileType = sourcecode.c.h; path = TKGlobValue.h; sourceTree = "<group>"; };
		8A6434B51BAEEAC200820545 /* TKLeftMenuController.h */ = {isa = PBXFileReference; fileEncoding = 4; lastKnownFileType = sourcecode.c.h; path = TKLeftMenuController.h; sourceTree = "<group>"; };
		8A6434B61BAEEAC200820545 /* TKLeftMenuController.m */ = {isa = PBXFileReference; fileEncoding = 4; lastKnownFileType = sourcecode.c.objc; path = TKLeftMenuController.m; sourceTree = "<group>"; };
		8A978A5D1BD3C8EF00C84ED2 /* BasePortraitView.h */ = {isa = PBXFileReference; fileEncoding = 4; lastKnownFileType = sourcecode.c.h; path = BasePortraitView.h; sourceTree = "<group>"; };
		8A978A5E1BD3C8EF00C84ED2 /* BasePortraitView.m */ = {isa = PBXFileReference; fileEncoding = 4; lastKnownFileType = sourcecode.c.objc; path = BasePortraitView.m; sourceTree = "<group>"; };
		8A978A5F1BD3C8EF00C84ED2 /* HFSegmentView.h */ = {isa = PBXFileReference; fileEncoding = 4; lastKnownFileType = sourcecode.c.h; path = HFSegmentView.h; sourceTree = "<group>"; };
		8A978A601BD3C8EF00C84ED2 /* HFSegmentView.m */ = {isa = PBXFileReference; fileEncoding = 4; lastKnownFileType = sourcecode.c.objc; path = HFSegmentView.m; sourceTree = "<group>"; };
		B82C1CD9D75BF9C0D03CF0FF /* Pods.release.xcconfig */ = {isa = PBXFileReference; includeInIndex = 1; lastKnownFileType = text.xcconfig; name = Pods.release.xcconfig; path = "Pods/Target Support Files/Pods/Pods.release.xcconfig"; sourceTree = "<group>"; };
		BB1A03121BE2113F0035770A /* TKBaseViewController.h */ = {isa = PBXFileReference; fileEncoding = 4; lastKnownFileType = sourcecode.c.h; path = TKBaseViewController.h; sourceTree = "<group>"; };
		BB1A03131BE2113F0035770A /* TKBaseViewController.m */ = {isa = PBXFileReference; fileEncoding = 4; lastKnownFileType = sourcecode.c.objc; path = TKBaseViewController.m; sourceTree = "<group>"; };
		BB1A03151BE211720035770A /* TKHomePageViewController.h */ = {isa = PBXFileReference; fileEncoding = 4; lastKnownFileType = sourcecode.c.h; path = TKHomePageViewController.h; sourceTree = "<group>"; };
		BB1A03161BE211720035770A /* TKHomePageViewController.m */ = {isa = PBXFileReference; fileEncoding = 4; lastKnownFileType = sourcecode.c.objc; path = TKHomePageViewController.m; sourceTree = "<group>"; };
		BB1A03171BE211720035770A /* TKHomePageViewController.xib */ = {isa = PBXFileReference; fileEncoding = 4; lastKnownFileType = file.xib; path = TKHomePageViewController.xib; sourceTree = "<group>"; };
		BB8D6E1C1BCE6FE300CD2DB0 /* UIViewController+TKNavigationBarSetting.h */ = {isa = PBXFileReference; fileEncoding = 4; lastKnownFileType = sourcecode.c.h; path = "UIViewController+TKNavigationBarSetting.h"; sourceTree = "<group>"; };
		BB8D6E1D1BCE6FE300CD2DB0 /* UIViewController+TKNavigationBarSetting.m */ = {isa = PBXFileReference; fileEncoding = 4; lastKnownFileType = sourcecode.c.objc; path = "UIViewController+TKNavigationBarSetting.m"; sourceTree = "<group>"; };
		BBA9F6EF1BC7CE9C0059CEB4 /* TKConstants.h */ = {isa = PBXFileReference; fileEncoding = 4; lastKnownFileType = sourcecode.c.h; path = TKConstants.h; sourceTree = "<group>"; };
		BBA9F6F71BC7DC690059CEB4 /* TKColorDefine.h */ = {isa = PBXFileReference; lastKnownFileType = sourcecode.c.h; path = TKColorDefine.h; sourceTree = "<group>"; };
		BBA9F6FB1BC8AFF90059CEB4 /* UIViewController+TKVCcategory.h */ = {isa = PBXFileReference; fileEncoding = 4; lastKnownFileType = sourcecode.c.h; path = "UIViewController+TKVCcategory.h"; sourceTree = "<group>"; };
		BBA9F6FC1BC8AFF90059CEB4 /* UIViewController+TKVCcategory.m */ = {isa = PBXFileReference; fileEncoding = 4; lastKnownFileType = sourcecode.c.objc; path = "UIViewController+TKVCcategory.m"; sourceTree = "<group>"; };
		BBA9F6FF1BC8E4330059CEB4 /* TKLeftMenu.xib */ = {isa = PBXFileReference; fileEncoding = 4; lastKnownFileType = file.xib; path = TKLeftMenu.xib; sourceTree = "<group>"; };
/* End PBXFileReference section */

/* Begin PBXFrameworksBuildPhase section */
		8A508FEA1B9D5D700067B9E9 /* Frameworks */ = {
			isa = PBXFrameworksBuildPhase;
			buildActionMask = 2147483647;
			files = (
				7E1F3D43556451168FE97F1F /* libPods.a in Frameworks */,
			);
			runOnlyForDeploymentPostprocessing = 0;
		};
		8A5090031B9D5D700067B9E9 /* Frameworks */ = {
			isa = PBXFrameworksBuildPhase;
			buildActionMask = 2147483647;
			files = (
			);
			runOnlyForDeploymentPostprocessing = 0;
		};
/* End PBXFrameworksBuildPhase section */

/* Begin PBXGroup section */
		624505390D41B06D57CFEB1B /* Pods */ = {
			isa = PBXGroup;
			children = (
				4212CB7CA1A2669F077947F9 /* Pods.debug.xcconfig */,
				B82C1CD9D75BF9C0D03CF0FF /* Pods.release.xcconfig */,
			);
			name = Pods;
			sourceTree = "<group>";
		};
		8A17B0E21BA46CF500548CA7 /* SDK */ = {
			isa = PBXGroup;
			children = (
				8A6434B11BAEBB5C00820545 /* Common */,
				8A6434981BAE844200820545 /* TKUIKit */,
				8A17B1141BA46E7300548CA7 /* ExtendClass */,
				8A17B0E31BA46CF500548CA7 /* AppDelegate */,
				8A17B0E61BA46CF500548CA7 /* File */,
				8A17B0E81BA46CF500548CA7 /* Log */,
				8A17B0EC1BA46CF500548CA7 /* SlidMenu */,
			);
			path = SDK;
			sourceTree = "<group>";
		};
		8A17B0E31BA46CF500548CA7 /* AppDelegate */ = {
			isa = PBXGroup;
			children = (
				8A17B0E41BA46CF500548CA7 /* TK_BaseAppDelegate.h */,
				8A17B0E51BA46CF500548CA7 /* TK_BaseAppDelegate.m */,
			);
			path = AppDelegate;
			sourceTree = "<group>";
		};
		8A17B0E61BA46CF500548CA7 /* File */ = {
			isa = PBXGroup;
			children = (
				8A17B0E71BA46CF500548CA7 /* TK_SDK_PrefixHeader.pch */,
			);
			path = File;
			sourceTree = "<group>";
		};
		8A17B0E81BA46CF500548CA7 /* Log */ = {
			isa = PBXGroup;
			children = (
				8A17B0E91BA46CF500548CA7 /* MWLog.h */,
				8A17B0EA1BA46CF500548CA7 /* MWLogFormatter.h */,
				8A17B0EB1BA46CF500548CA7 /* MWLogFormatter.m */,
			);
			path = Log;
			sourceTree = "<group>";
		};
		8A17B0EC1BA46CF500548CA7 /* SlidMenu */ = {
			isa = PBXGroup;
			children = (
				8A17B0ED1BA46CF500548CA7 /* MMCenterTableViewCell.h */,
				8A17B0EE1BA46CF500548CA7 /* MMCenterTableViewCell.m */,
				8A17B0EF1BA46CF500548CA7 /* MMDrawerControllerKitchenSink-Prefix.pch */,
				8A17B0F01BA46CF500548CA7 /* MMExampleCenterTableViewController.h */,
				8A17B0F11BA46CF500548CA7 /* MMExampleCenterTableViewController.m */,
				8A17B0F21BA46CF500548CA7 /* MMExampleDrawerVisualStateManager.h */,
				8A17B0F31BA46CF500548CA7 /* MMExampleDrawerVisualStateManager.m */,
				8A17B0F41BA46CF500548CA7 /* MMExampleLeftSideDrawerViewController.h */,
				8A17B0F51BA46CF500548CA7 /* MMExampleLeftSideDrawerViewController.m */,
				8A17B0F61BA46CF500548CA7 /* MMExampleRightSideDrawerViewController.h */,
				8A17B0F71BA46CF500548CA7 /* MMExampleRightSideDrawerViewController.m */,
				8A17B0F81BA46CF500548CA7 /* MMExampleSideDrawerViewController.h */,
				8A17B0F91BA46CF500548CA7 /* MMExampleSideDrawerViewController.m */,
				8A17B0FA1BA46CF500548CA7 /* MMExampleViewController.h */,
				8A17B0FB1BA46CF500548CA7 /* MMExampleViewController.m */,
				8A17B0FC1BA46CF500548CA7 /* MMLogoView.h */,
				8A17B0FD1BA46CF500548CA7 /* MMLogoView.m */,
				8A17B0FE1BA46CF500548CA7 /* MMNavigationController.h */,
				8A17B0FF1BA46CF500548CA7 /* MMNavigationController.m */,
				8A17B1001BA46CF500548CA7 /* MMSideDrawerSectionHeaderView.h */,
				8A17B1011BA46CF500548CA7 /* MMSideDrawerSectionHeaderView.m */,
				8A17B1021BA46CF500548CA7 /* MMSideDrawerTableViewCell.h */,
				8A17B1031BA46CF500548CA7 /* MMSideDrawerTableViewCell.m */,
				8A17B1041BA46CF500548CA7 /* MMTableViewCell.h */,
				8A17B1051BA46CF500548CA7 /* MMTableViewCell.m */,
				8A6434A21BAE9DAE00820545 /* TKMenuViewController.h */,
				8A6434A31BAE9DAE00820545 /* TKMenuViewController.m */,
				8A6434B51BAEEAC200820545 /* TKLeftMenuController.h */,
				8A6434B61BAEEAC200820545 /* TKLeftMenuController.m */,
			);
			path = SlidMenu;
			sourceTree = "<group>";
		};
		8A17B1141BA46E7300548CA7 /* ExtendClass */ = {
			isa = PBXGroup;
			children = (
				BBA9F6FB1BC8AFF90059CEB4 /* UIViewController+TKVCcategory.h */,
				BBA9F6FC1BC8AFF90059CEB4 /* UIViewController+TKVCcategory.m */,
				8A17B1151BA46EA600548CA7 /* UIColor+TK_Color.h */,
				8A17B1161BA46EA600548CA7 /* UIColor+TK_Color.m */,
				BB8D6E1C1BCE6FE300CD2DB0 /* UIViewController+TKNavigationBarSetting.h */,
				BB8D6E1D1BCE6FE300CD2DB0 /* UIViewController+TKNavigationBarSetting.m */,
			);
			path = ExtendClass;
			sourceTree = "<group>";
		};
		8A508FE41B9D5D700067B9E9 = {
			isa = PBXGroup;
			children = (
				8A17B0E21BA46CF500548CA7 /* SDK */,
				8A508FEF1B9D5D700067B9E9 /* tracedemo */,
				8A5090091B9D5D700067B9E9 /* tracedemoTests */,
				8A508FEE1B9D5D700067B9E9 /* Products */,
				624505390D41B06D57CFEB1B /* Pods */,
				D2F8907D64CFFB14B8C31520 /* Frameworks */,
			);
			sourceTree = "<group>";
		};
		8A508FEE1B9D5D700067B9E9 /* Products */ = {
			isa = PBXGroup;
			children = (
				8A508FED1B9D5D700067B9E9 /* tracedemo.app */,
				8A5090061B9D5D700067B9E9 /* tracedemoTests.xctest */,
			);
			name = Products;
			sourceTree = "<group>";
		};
		8A508FEF1B9D5D700067B9E9 /* tracedemo */ = {
			isa = PBXGroup;
			children = (
				8A508FF41B9D5D700067B9E9 /* AppDelegate.h */,
				8A508FF51B9D5D700067B9E9 /* AppDelegate.m */,
				8A508FF71B9D5D700067B9E9 /* ViewController.h */,
				8A508FF81B9D5D700067B9E9 /* ViewController.m */,
				8A508FFA1B9D5D700067B9E9 /* Main.storyboard */,
				8A508FFD1B9D5D700067B9E9 /* Images.xcassets */,
				8A508FFF1B9D5D700067B9E9 /* LaunchScreen.xib */,
				8A508FF01B9D5D700067B9E9 /* Supporting Files */,
				8A552D6E1BA3D8230083E87E /* MenuViewController.h */,
				8A552D6F1BA3D8230083E87E /* MenuViewController.m */,
				8A552D701BA3D8230083E87E /* MenuViewController.xib */,
			);
			path = tracedemo;
			sourceTree = "<group>";
		};
		8A508FF01B9D5D700067B9E9 /* Supporting Files */ = {
			isa = PBXGroup;
			children = (
				8A508FF11B9D5D700067B9E9 /* Info.plist */,
				8A508FF21B9D5D700067B9E9 /* main.m */,
			);
			name = "Supporting Files";
			sourceTree = "<group>";
		};
		8A5090091B9D5D700067B9E9 /* tracedemoTests */ = {
			isa = PBXGroup;
			children = (
				8A50900C1B9D5D700067B9E9 /* tracedemoTests.m */,
				8A50900A1B9D5D700067B9E9 /* Supporting Files */,
			);
			path = tracedemoTests;
			sourceTree = "<group>";
		};
		8A50900A1B9D5D700067B9E9 /* Supporting Files */ = {
			isa = PBXGroup;
			children = (
				8A50900B1B9D5D700067B9E9 /* Info.plist */,
			);
			name = "Supporting Files";
			sourceTree = "<group>";
		};
		8A6434981BAE844200820545 /* TKUIKit */ = {
			isa = PBXGroup;
			children = (
				BBA9F6FE1BC8E41C0059CEB4 /* TKUIView */,
				8A6434A51BAE9DF600820545 /* TKController */,
			);
			path = TKUIKit;
			sourceTree = "<group>";
		};
		8A6434A51BAE9DF600820545 /* TKController */ = {
			isa = PBXGroup;
			children = (
				8A6434A61BAE9DF600820545 /* TKMainNavigateController.h */,
				8A6434A71BAE9DF600820545 /* TKMainNavigateController.m */,
				8A6434A81BAE9DF600820545 /* TKSubTabBarViewController.h */,
				8A6434A91BAE9DF600820545 /* TKSubTabBarViewController.m */,
				8A6434AA1BAE9DF600820545 /* TKSubTabBarViewController.xib */,
				8A6434AE1BAE9E1700820545 /* TKTableViewController.h */,
				8A6434AF1BAE9E1700820545 /* TKTableViewController.m */,
				BB1A03121BE2113F0035770A /* TKBaseViewController.h */,
				BB1A03131BE2113F0035770A /* TKBaseViewController.m */,
				BB1A03151BE211720035770A /* TKHomePageViewController.h */,
				BB1A03161BE211720035770A /* TKHomePageViewController.m */,
				BB1A03171BE211720035770A /* TKHomePageViewController.xib */,
			);
			path = TKController;
			sourceTree = "<group>";
		};
		8A6434B11BAEBB5C00820545 /* Common */ = {
			isa = PBXGroup;
			children = (
				8A6434B21BAEBB8E00820545 /* TKGlobValue.h */,
				BBA9F6EF1BC7CE9C0059CEB4 /* TKConstants.h */,
				BBA9F6F71BC7DC690059CEB4 /* TKColorDefine.h */,
			);
			path = Common;
			sourceTree = "<group>";
		};
		8A9787141BD3C1A600C84ED2 /* BaseView */ = {
			isa = PBXGroup;
			children = (
				8A978A5D1BD3C8EF00C84ED2 /* BasePortraitView.h */,
				8A978A5E1BD3C8EF00C84ED2 /* BasePortraitView.m */,
				8A978A5F1BD3C8EF00C84ED2 /* HFSegmentView.h */,
				8A978A601BD3C8EF00C84ED2 /* HFSegmentView.m */,
			);
			path = BaseView;
			sourceTree = "<group>";
		};
		BBA9F6FE1BC8E41C0059CEB4 /* TKUIView */ = {
			isa = PBXGroup;
			children = (
				8A9787141BD3C1A600C84ED2 /* BaseView */,
				BBA9F6FF1BC8E4330059CEB4 /* TKLeftMenu.xib */,
			);
			path = TKUIView;
			sourceTree = "<group>";
		};
		D2F8907D64CFFB14B8C31520 /* Frameworks */ = {
			isa = PBXGroup;
			children = (
				5B7E02E9AB012C0D49F6B86E /* libPods.a */,
			);
			name = Frameworks;
			sourceTree = "<group>";
		};
/* End PBXGroup section */

/* Begin PBXNativeTarget section */
		8A508FEC1B9D5D700067B9E9 /* tracedemo */ = {
			isa = PBXNativeTarget;
			buildConfigurationList = 8A5090101B9D5D700067B9E9 /* Build configuration list for PBXNativeTarget "tracedemo" */;
			buildPhases = (
				2735D483F0A88F5D37E32C13 /* Check Pods Manifest.lock */,
				8A508FE91B9D5D700067B9E9 /* Sources */,
				8A508FEA1B9D5D700067B9E9 /* Frameworks */,
				8A508FEB1B9D5D700067B9E9 /* Resources */,
				C24795676D0C708D7DCDF860 /* Copy Pods Resources */,
			);
			buildRules = (
			);
			dependencies = (
			);
			name = tracedemo;
			productName = tracedemo;
			productReference = 8A508FED1B9D5D700067B9E9 /* tracedemo.app */;
			productType = "com.apple.product-type.application";
		};
		8A5090051B9D5D700067B9E9 /* tracedemoTests */ = {
			isa = PBXNativeTarget;
			buildConfigurationList = 8A5090131B9D5D700067B9E9 /* Build configuration list for PBXNativeTarget "tracedemoTests" */;
			buildPhases = (
				8A5090021B9D5D700067B9E9 /* Sources */,
				8A5090031B9D5D700067B9E9 /* Frameworks */,
				8A5090041B9D5D700067B9E9 /* Resources */,
			);
			buildRules = (
			);
			dependencies = (
				8A5090081B9D5D700067B9E9 /* PBXTargetDependency */,
			);
			name = tracedemoTests;
			productName = tracedemoTests;
			productReference = 8A5090061B9D5D700067B9E9 /* tracedemoTests.xctest */;
			productType = "com.apple.product-type.bundle.unit-test";
		};
/* End PBXNativeTarget section */

/* Begin PBXProject section */
		8A508FE51B9D5D700067B9E9 /* Project object */ = {
			isa = PBXProject;
			attributes = {
				LastUpgradeCheck = 0640;
				ORGANIZATIONNAME = trace;
				TargetAttributes = {
					8A508FEC1B9D5D700067B9E9 = {
						CreatedOnToolsVersion = 6.4;
						DevelopmentTeam = JR9ACKVZRQ;
					};
					8A5090051B9D5D700067B9E9 = {
						CreatedOnToolsVersion = 6.4;
						TestTargetID = 8A508FEC1B9D5D700067B9E9;
					};
				};
			};
			buildConfigurationList = 8A508FE81B9D5D700067B9E9 /* Build configuration list for PBXProject "tracedemo" */;
			compatibilityVersion = "Xcode 3.2";
			developmentRegion = English;
			hasScannedForEncodings = 0;
			knownRegions = (
				en,
				Base,
			);
			mainGroup = 8A508FE41B9D5D700067B9E9;
			productRefGroup = 8A508FEE1B9D5D700067B9E9 /* Products */;
			projectDirPath = "";
			projectRoot = "";
			targets = (
				8A508FEC1B9D5D700067B9E9 /* tracedemo */,
				8A5090051B9D5D700067B9E9 /* tracedemoTests */,
			);
		};
/* End PBXProject section */

/* Begin PBXResourcesBuildPhase section */
		8A508FEB1B9D5D700067B9E9 /* Resources */ = {
			isa = PBXResourcesBuildPhase;
			buildActionMask = 2147483647;
			files = (
				BBA9F7001BC8E4330059CEB4 /* TKLeftMenu.xib in Resources */,
				8A508FFC1B9D5D700067B9E9 /* Main.storyboard in Resources */,
				8A5090011B9D5D700067B9E9 /* LaunchScreen.xib in Resources */,
				BB1A03191BE211720035770A /* TKHomePageViewController.xib in Resources */,
				8A508FFE1B9D5D700067B9E9 /* Images.xcassets in Resources */,
				8A6434AD1BAE9DF600820545 /* TKSubTabBarViewController.xib in Resources */,
				8A552D721BA3D8230083E87E /* MenuViewController.xib in Resources */,
			);
			runOnlyForDeploymentPostprocessing = 0;
		};
		8A5090041B9D5D700067B9E9 /* Resources */ = {
			isa = PBXResourcesBuildPhase;
			buildActionMask = 2147483647;
			files = (
			);
			runOnlyForDeploymentPostprocessing = 0;
		};
/* End PBXResourcesBuildPhase section */

/* Begin PBXShellScriptBuildPhase section */
		2735D483F0A88F5D37E32C13 /* Check Pods Manifest.lock */ = {
			isa = PBXShellScriptBuildPhase;
			buildActionMask = 2147483647;
			files = (
			);
			inputPaths = (
			);
			name = "Check Pods Manifest.lock";
			outputPaths = (
			);
			runOnlyForDeploymentPostprocessing = 0;
			shellPath = /bin/sh;
			shellScript = "diff \"${PODS_ROOT}/../Podfile.lock\" \"${PODS_ROOT}/Manifest.lock\" > /dev/null\nif [[ $? != 0 ]] ; then\n    cat << EOM\nerror: The sandbox is not in sync with the Podfile.lock. Run 'pod install' or update your CocoaPods installation.\nEOM\n    exit 1\nfi\n";
			showEnvVarsInLog = 0;
		};
		C24795676D0C708D7DCDF860 /* Copy Pods Resources */ = {
			isa = PBXShellScriptBuildPhase;
			buildActionMask = 2147483647;
			files = (
			);
			inputPaths = (
			);
			name = "Copy Pods Resources";
			outputPaths = (
			);
			runOnlyForDeploymentPostprocessing = 0;
			shellPath = /bin/sh;
			shellScript = "\"${SRCROOT}/Pods/Target Support Files/Pods/Pods-resources.sh\"\n";
			showEnvVarsInLog = 0;
		};
/* End PBXShellScriptBuildPhase section */

/* Begin PBXSourcesBuildPhase section */
		8A508FE91B9D5D700067B9E9 /* Sources */ = {
			isa = PBXSourcesBuildPhase;
			buildActionMask = 2147483647;
			files = (
				8A17B1171BA46EA600548CA7 /* UIColor+TK_Color.m in Sources */,
				BB1A03181BE211720035770A /* TKHomePageViewController.m in Sources */,
				8A6434B01BAE9E1700820545 /* TKTableViewController.m in Sources */,
				8A17B1121BA46CF500548CA7 /* MMSideDrawerTableViewCell.m in Sources */,
				8A508FF91B9D5D700067B9E9 /* ViewController.m in Sources */,
				8A6434B71BAEEAC200820545 /* TKLeftMenuController.m in Sources */,
				8A17B10A1BA46CF500548CA7 /* MMExampleDrawerVisualStateManager.m in Sources */,
				8A17B1061BA46CF500548CA7 /* TK_BaseAppDelegate.m in Sources */,
				8A552D711BA3D8230083E87E /* MenuViewController.m in Sources */,
				8A17B1081BA46CF500548CA7 /* MMCenterTableViewCell.m in Sources */,
				8A17B10F1BA46CF500548CA7 /* MMLogoView.m in Sources */,
				BBA9F6FD1BC8AFF90059CEB4 /* UIViewController+TKVCcategory.m in Sources */,
				8A17B1101BA46CF500548CA7 /* MMNavigationController.m in Sources */,
				8A6434A41BAE9DAE00820545 /* TKMenuViewController.m in Sources */,
				8A6434AC1BAE9DF600820545 /* TKSubTabBarViewController.m in Sources */,
				8A978A621BD3C8EF00C84ED2 /* HFSegmentView.m in Sources */,
				8A17B1111BA46CF500548CA7 /* MMSideDrawerSectionHeaderView.m in Sources */,
				8A17B10D1BA46CF500548CA7 /* MMExampleSideDrawerViewController.m in Sources */,
				8A978A611BD3C8EF00C84ED2 /* BasePortraitView.m in Sources */,
				8A6434AB1BAE9DF600820545 /* TKMainNavigateController.m in Sources */,
				8A17B10C1BA46CF500548CA7 /* MMExampleRightSideDrawerViewController.m in Sources */,
				8A17B1131BA46CF500548CA7 /* MMTableViewCell.m in Sources */,
				8A508FF61B9D5D700067B9E9 /* AppDelegate.m in Sources */,
				BB8D6E1E1BCE6FE300CD2DB0 /* UIViewController+TKNavigationBarSetting.m in Sources */,
				BB1A03141BE2113F0035770A /* TKBaseViewController.m in Sources */,
				8A17B1091BA46CF500548CA7 /* MMExampleCenterTableViewController.m in Sources */,
				8A508FF31B9D5D700067B9E9 /* main.m in Sources */,
				8A17B10B1BA46CF500548CA7 /* MMExampleLeftSideDrawerViewController.m in Sources */,
				8A17B1071BA46CF500548CA7 /* MWLogFormatter.m in Sources */,
				8A17B10E1BA46CF500548CA7 /* MMExampleViewController.m in Sources */,
			);
			runOnlyForDeploymentPostprocessing = 0;
		};
		8A5090021B9D5D700067B9E9 /* Sources */ = {
			isa = PBXSourcesBuildPhase;
			buildActionMask = 2147483647;
			files = (
				8A50900D1B9D5D700067B9E9 /* tracedemoTests.m in Sources */,
			);
			runOnlyForDeploymentPostprocessing = 0;
		};
/* End PBXSourcesBuildPhase section */

/* Begin PBXTargetDependency section */
		8A5090081B9D5D700067B9E9 /* PBXTargetDependency */ = {
			isa = PBXTargetDependency;
			target = 8A508FEC1B9D5D700067B9E9 /* tracedemo */;
			targetProxy = 8A5090071B9D5D700067B9E9 /* PBXContainerItemProxy */;
		};
/* End PBXTargetDependency section */

/* Begin PBXVariantGroup section */
		8A508FFA1B9D5D700067B9E9 /* Main.storyboard */ = {
			isa = PBXVariantGroup;
			children = (
				8A508FFB1B9D5D700067B9E9 /* Base */,
			);
			name = Main.storyboard;
			sourceTree = "<group>";
		};
		8A508FFF1B9D5D700067B9E9 /* LaunchScreen.xib */ = {
			isa = PBXVariantGroup;
			children = (
				8A5090001B9D5D700067B9E9 /* Base */,
			);
			name = LaunchScreen.xib;
			sourceTree = "<group>";
		};
/* End PBXVariantGroup section */

/* Begin XCBuildConfiguration section */
		8A50900E1B9D5D700067B9E9 /* Debug */ = {
			isa = XCBuildConfiguration;
			buildSettings = {
				ALWAYS_SEARCH_USER_PATHS = NO;
				CLANG_CXX_LANGUAGE_STANDARD = "gnu++0x";
				CLANG_CXX_LIBRARY = "libc++";
				CLANG_ENABLE_MODULES = YES;
				CLANG_ENABLE_OBJC_ARC = YES;
				CLANG_WARN_BOOL_CONVERSION = YES;
				CLANG_WARN_CONSTANT_CONVERSION = YES;
				CLANG_WARN_DIRECT_OBJC_ISA_USAGE = YES_ERROR;
				CLANG_WARN_EMPTY_BODY = YES;
				CLANG_WARN_ENUM_CONVERSION = YES;
				CLANG_WARN_INT_CONVERSION = YES;
				CLANG_WARN_OBJC_ROOT_CLASS = YES_ERROR;
				CLANG_WARN_UNREACHABLE_CODE = YES;
				CLANG_WARN__DUPLICATE_METHOD_MATCH = YES;
				"CODE_SIGN_IDENTITY[sdk=iphoneos*]" = "iPhone Developer";
				COPY_PHASE_STRIP = NO;
				DEBUG_INFORMATION_FORMAT = "dwarf-with-dsym";
				ENABLE_STRICT_OBJC_MSGSEND = YES;
				GCC_C_LANGUAGE_STANDARD = gnu99;
				GCC_DYNAMIC_NO_PIC = NO;
				GCC_NO_COMMON_BLOCKS = YES;
				GCC_OPTIMIZATION_LEVEL = 0;
				GCC_PREPROCESSOR_DEFINITIONS = (
					"DEBUG=1",
					"$(inherited)",
				);
				GCC_SYMBOLS_PRIVATE_EXTERN = NO;
				GCC_WARN_64_TO_32_BIT_CONVERSION = YES;
				GCC_WARN_ABOUT_RETURN_TYPE = YES_ERROR;
				GCC_WARN_UNDECLARED_SELECTOR = YES;
				GCC_WARN_UNINITIALIZED_AUTOS = YES_AGGRESSIVE;
				GCC_WARN_UNUSED_FUNCTION = YES;
				GCC_WARN_UNUSED_VARIABLE = YES;
				IPHONEOS_DEPLOYMENT_TARGET = 8.4;
				MTL_ENABLE_DEBUG_INFO = YES;
				ONLY_ACTIVE_ARCH = YES;
				SDKROOT = iphoneos;
			};
			name = Debug;
		};
		8A50900F1B9D5D700067B9E9 /* Release */ = {
			isa = XCBuildConfiguration;
			buildSettings = {
				ALWAYS_SEARCH_USER_PATHS = NO;
				CLANG_CXX_LANGUAGE_STANDARD = "gnu++0x";
				CLANG_CXX_LIBRARY = "libc++";
				CLANG_ENABLE_MODULES = YES;
				CLANG_ENABLE_OBJC_ARC = YES;
				CLANG_WARN_BOOL_CONVERSION = YES;
				CLANG_WARN_CONSTANT_CONVERSION = YES;
				CLANG_WARN_DIRECT_OBJC_ISA_USAGE = YES_ERROR;
				CLANG_WARN_EMPTY_BODY = YES;
				CLANG_WARN_ENUM_CONVERSION = YES;
				CLANG_WARN_INT_CONVERSION = YES;
				CLANG_WARN_OBJC_ROOT_CLASS = YES_ERROR;
				CLANG_WARN_UNREACHABLE_CODE = YES;
				CLANG_WARN__DUPLICATE_METHOD_MATCH = YES;
				"CODE_SIGN_IDENTITY[sdk=iphoneos*]" = "iPhone Developer";
				COPY_PHASE_STRIP = NO;
				DEBUG_INFORMATION_FORMAT = "dwarf-with-dsym";
				ENABLE_NS_ASSERTIONS = NO;
				ENABLE_STRICT_OBJC_MSGSEND = YES;
				GCC_C_LANGUAGE_STANDARD = gnu99;
				GCC_NO_COMMON_BLOCKS = YES;
				GCC_WARN_64_TO_32_BIT_CONVERSION = YES;
				GCC_WARN_ABOUT_RETURN_TYPE = YES_ERROR;
				GCC_WARN_UNDECLARED_SELECTOR = YES;
				GCC_WARN_UNINITIALIZED_AUTOS = YES_AGGRESSIVE;
				GCC_WARN_UNUSED_FUNCTION = YES;
				GCC_WARN_UNUSED_VARIABLE = YES;
				IPHONEOS_DEPLOYMENT_TARGET = 8.4;
				MTL_ENABLE_DEBUG_INFO = NO;
				SDKROOT = iphoneos;
				VALIDATE_PRODUCT = YES;
			};
			name = Release;
		};
		8A5090111B9D5D700067B9E9 /* Debug */ = {
			isa = XCBuildConfiguration;
			baseConfigurationReference = 4212CB7CA1A2669F077947F9 /* Pods.debug.xcconfig */;
			buildSettings = {
				ASSETCATALOG_COMPILER_APPICON_NAME = AppIcon;
				CODE_SIGN_IDENTITY = "iPhone Developer: xue bai (3M4NG9S2UD)";
				"CODE_SIGN_IDENTITY[sdk=iphoneos*]" = "iPhone Developer: xue bai (3M4NG9S2UD)";
				GCC_PREFIX_HEADER = "$(SRCROOT)/SDK/File/TK_SDK_PrefixHeader.pch";
				INFOPLIST_FILE = tracedemo/Info.plist;
				IPHONEOS_DEPLOYMENT_TARGET = 9.0;
				LD_RUNPATH_SEARCH_PATHS = "$(inherited) @executable_path/Frameworks";
				PRODUCT_BUNDLE_IDENTIFIER = com.cmcc.tracedemo;
				PRODUCT_NAME = "$(TARGET_NAME)";
				PROVISIONING_PROFILE = "f7d2cb71-80e1-4f36-b067-484c8c6ca974";
			};
			name = Debug;
		};
		8A5090121B9D5D700067B9E9 /* Release */ = {
			isa = XCBuildConfiguration;
			baseConfigurationReference = B82C1CD9D75BF9C0D03CF0FF /* Pods.release.xcconfig */;
			buildSettings = {
				ASSETCATALOG_COMPILER_APPICON_NAME = AppIcon;
				CODE_SIGN_IDENTITY = "iPhone Developer";
				GCC_PREFIX_HEADER = "$(SRCROOT)/SDK/File/TK_SDK_PrefixHeader.pch";
				INFOPLIST_FILE = tracedemo/Info.plist;
				IPHONEOS_DEPLOYMENT_TARGET = 9.0;
				LD_RUNPATH_SEARCH_PATHS = "$(inherited) @executable_path/Frameworks";
				PRODUCT_BUNDLE_IDENTIFIER = com.cmcc.tracedemo;
				PRODUCT_NAME = "$(TARGET_NAME)";
				PROVISIONING_PROFILE = "f7d2cb71-80e1-4f36-b067-484c8c6ca974";
			};
			name = Release;
		};
		8A5090141B9D5D700067B9E9 /* Debug */ = {
			isa = XCBuildConfiguration;
			buildSettings = {
				BUNDLE_LOADER = "$(TEST_HOST)";
				FRAMEWORK_SEARCH_PATHS = (
					"$(SDKROOT)/Developer/Library/Frameworks",
					"$(inherited)",
				);
				GCC_PREPROCESSOR_DEFINITIONS = (
					"DEBUG=1",
					"$(inherited)",
				);
				INFOPLIST_FILE = tracedemoTests/Info.plist;
				LD_RUNPATH_SEARCH_PATHS = "$(inherited) @executable_path/Frameworks @loader_path/Frameworks";
				PRODUCT_NAME = "$(TARGET_NAME)";
				TEST_HOST = "$(BUILT_PRODUCTS_DIR)/tracedemo.app/tracedemo";
			};
			name = Debug;
		};
		8A5090151B9D5D700067B9E9 /* Release */ = {
			isa = XCBuildConfiguration;
			buildSettings = {
				BUNDLE_LOADER = "$(TEST_HOST)";
				FRAMEWORK_SEARCH_PATHS = (
					"$(SDKROOT)/Developer/Library/Frameworks",
					"$(inherited)",
				);
				INFOPLIST_FILE = tracedemoTests/Info.plist;
				LD_RUNPATH_SEARCH_PATHS = "$(inherited) @executable_path/Frameworks @loader_path/Frameworks";
				PRODUCT_NAME = "$(TARGET_NAME)";
				TEST_HOST = "$(BUILT_PRODUCTS_DIR)/tracedemo.app/tracedemo";
			};
			name = Release;
		};
/* End XCBuildConfiguration section */

/* Begin XCConfigurationList section */
		8A508FE81B9D5D700067B9E9 /* Build configuration list for PBXProject "tracedemo" */ = {
			isa = XCConfigurationList;
			buildConfigurations = (
				8A50900E1B9D5D700067B9E9 /* Debug */,
				8A50900F1B9D5D700067B9E9 /* Release */,
			);
			defaultConfigurationIsVisible = 0;
			defaultConfigurationName = Release;
		};
		8A5090101B9D5D700067B9E9 /* Build configuration list for PBXNativeTarget "tracedemo" */ = {
			isa = XCConfigurationList;
			buildConfigurations = (
				8A5090111B9D5D700067B9E9 /* Debug */,
				8A5090121B9D5D700067B9E9 /* Release */,
			);
			defaultConfigurationIsVisible = 0;
			defaultConfigurationName = Release;
		};
		8A5090131B9D5D700067B9E9 /* Build configuration list for PBXNativeTarget "tracedemoTests" */ = {
			isa = XCConfigurationList;
			buildConfigurations = (
				8A5090141B9D5D700067B9E9 /* Debug */,
				8A5090151B9D5D700067B9E9 /* Release */,
			);
			defaultConfigurationIsVisible = 0;
			defaultConfigurationName = Release;
		};
/* End XCConfigurationList section */
	};
	rootObject = 8A508FE51B9D5D700067B9E9 /* Project object */;
}
